
Microsoft Visual Studio Solution File, Format Version 12.00
# Visual Studio Version 17
VisualStudioVersion = 17.5.002.0
MinimumVisualStudioVersion = 10.0.40219.1
Project("{9A19103F-16F7-4668-BE54-9A1E7A4F7556}") = "Example", "Example.csproj", "{A9DD743A-5526-4D6F-817E-BDE556805A9B}"
EndProject
Global
	GlobalSection(SolutionConfigurationPlatforms) = preSolution
		Debug|Any CPU = Debug|Any CPU
		Release|Any CPU = Release|Any CPU
	EndGlobalSection
	GlobalSection(ProjectConfigurationPlatforms) = postSolution
		{A9DD743A-5526-4D6F-817E-BDE556805A9B}.Debug|Any CPU.ActiveCfg = Debug|Any CPU
		{A9DD743A-5526-4D6F-817E-BDE556805A9B}.Debug|Any CPU.Build.0 = Debug|Any CPU
		{A9DD743A-5526-4D6F-817E-BDE556805A9B}.Release|Any CPU.ActiveCfg = Release|Any CPU
		{A9DD743A-5526-4D6F-817E-BDE556805A9B}.Release|Any CPU.Build.0 = Release|Any CPU
	EndGlobalSection
	GlobalSection(SolutionProperties) = preSolution
		HideSolutionNode = FALSE
	EndGlobalSection
	GlobalSection(ExtensibilityGlobals) = postSolution
		SolutionGuid = {894B05E8-0A41-4F32-B126-3BD94715E8EC}
	EndGlobalSection
EndGlobal
